// !$*UTF8*$!
{
	archiveVersion = 1;
	classes = {
	};
	objectVersion = 50;
	objects = {

/* Begin PBXBuildFile section */
		52321F932408A06B008E3030 /* AppDelegate.swift in Sources */ = {isa = PBXBuildFile; fileRef = 52321F922408A06B008E3030 /* AppDelegate.swift */; };
		52321F952408A06B008E3030 /* SceneDelegate.swift in Sources */ = {isa = PBXBuildFile; fileRef = 52321F942408A06B008E3030 /* SceneDelegate.swift */; };
		52321F972408A06B008E3030 /* LevelOneController.swift in Sources */ = {isa = PBXBuildFile; fileRef = 52321F962408A06B008E3030 /* LevelOneController.swift */; };
		52321F9A2408A06B008E3030 /* LevelOne.storyboard in Resources */ = {isa = PBXBuildFile; fileRef = 52321F982408A06B008E3030 /* LevelOne.storyboard */; };
		52321F9C2408A06C008E3030 /* Assets.xcassets in Resources */ = {isa = PBXBuildFile; fileRef = 52321F9B2408A06C008E3030 /* Assets.xcassets */; };
		52321F9F2408A06C008E3030 /* LaunchScreen.storyboard in Resources */ = {isa = PBXBuildFile; fileRef = 52321F9D2408A06C008E3030 /* LaunchScreen.storyboard */; };
		5259ED172428422400753354 /* MainMenuController.swift in Sources */ = {isa = PBXBuildFile; fileRef = 5259ED162428422400753354 /* MainMenuController.swift */; };
		5259ED192428423900753354 /* MainMenu.storyboard in Resources */ = {isa = PBXBuildFile; fileRef = 5259ED182428423900753354 /* MainMenu.storyboard */; };
/* End PBXBuildFile section */

/* Begin PBXFileReference section */
		52321F8F2408A06B008E3030 /* Gopnik's Adventure.app */ = {isa = PBXFileReference; explicitFileType = wrapper.application; includeInIndex = 0; path = "Gopnik's Adventure.app"; sourceTree = BUILT_PRODUCTS_DIR; };
		52321F922408A06B008E3030 /* AppDelegate.swift */ = {isa = PBXFileReference; lastKnownFileType = sourcecode.swift; path = AppDelegate.swift; sourceTree = "<group>"; };
		52321F942408A06B008E3030 /* SceneDelegate.swift */ = {isa = PBXFileReference; lastKnownFileType = sourcecode.swift; path = SceneDelegate.swift; sourceTree = "<group>"; };
		52321F962408A06B008E3030 /* LevelOneController.swift */ = {isa = PBXFileReference; lastKnownFileType = sourcecode.swift; path = LevelOneController.swift; sourceTree = "<group>"; };
		52321F992408A06B008E3030 /* Base */ = {isa = PBXFileReference; lastKnownFileType = file.storyboard; name = Base; path = Base.lproj/LevelOne.storyboard; sourceTree = "<group>"; };
		52321F9B2408A06C008E3030 /* Assets.xcassets */ = {isa = PBXFileReference; lastKnownFileType = folder.assetcatalog; path = Assets.xcassets; sourceTree = "<group>"; };
		52321F9E2408A06C008E3030 /* Base */ = {isa = PBXFileReference; lastKnownFileType = file.storyboard; name = Base; path = Base.lproj/LaunchScreen.storyboard; sourceTree = "<group>"; };
		52321FA02408A06C008E3030 /* Info.plist */ = {isa = PBXFileReference; lastKnownFileType = text.plist.xml; path = Info.plist; sourceTree = "<group>"; };
		5259ED162428422400753354 /* MainMenuController.swift */ = {isa = PBXFileReference; lastKnownFileType = sourcecode.swift; path = MainMenuController.swift; sourceTree = "<group>"; };
		5259ED182428423900753354 /* MainMenu.storyboard */ = {isa = PBXFileReference; lastKnownFileType = file.storyboard; path = MainMenu.storyboard; sourceTree = "<group>"; };
/* End PBXFileReference section */

/* Begin PBXFrameworksBuildPhase section */
		52321F8C2408A06B008E3030 /* Frameworks */ = {
			isa = PBXFrameworksBuildPhase;
			buildActionMask = 2147483647;
			files = (
			);
			runOnlyForDeploymentPostprocessing = 0;
		};
/* End PBXFrameworksBuildPhase section */

/* Begin PBXGroup section */
		52321F862408A06A008E3030 = {
			isa = PBXGroup;
			children = (
				52321F912408A06B008E3030 /* Gopnik's Adventure */,
				52321F902408A06B008E3030 /* Products */,
			);
			sourceTree = "<group>";
		};
		52321F902408A06B008E3030 /* Products */ = {
			isa = PBXGroup;
			children = (
				52321F8F2408A06B008E3030 /* Gopnik's Adventure.app */,
			);
			name = Products;
			sourceTree = "<group>";
		};
		52321F912408A06B008E3030 /* Gopnik's Adventure */ = {
			isa = PBXGroup;
			children = (
				52321F922408A06B008E3030 /* AppDelegate.swift */,
				52321F942408A06B008E3030 /* SceneDelegate.swift */,
				5259ED15242841C900753354 /* ViewControllers */,
				5259ED14242841BD00753354 /* Storyboards */,
				52321F9B2408A06C008E3030 /* Assets.xcassets */,
				52321F9D2408A06C008E3030 /* LaunchScreen.storyboard */,
				52321FA02408A06C008E3030 /* Info.plist */,
			);
			path = "Gopnik's Adventure";
			sourceTree = "<group>";
		};
		5259ED14242841BD00753354 /* Storyboards */ = {
			isa = PBXGroup;
			children = (
				52321F982408A06B008E3030 /* LevelOne.storyboard */,
				5259ED182428423900753354 /* MainMenu.storyboard */,
			);
			path = Storyboards;
			sourceTree = "<group>";
		};
		5259ED15242841C900753354 /* ViewControllers */ = {
			isa = PBXGroup;
			children = (
				52321F962408A06B008E3030 /* LevelOneController.swift */,
				5259ED162428422400753354 /* MainMenuController.swift */,
			);
			path = ViewControllers;
			sourceTree = "<group>";
		};
/* End PBXGroup section */

/* Begin PBXNativeTarget section */
		52321F8E2408A06B008E3030 /* Gopnik's Adventure */ = {
			isa = PBXNativeTarget;
			buildConfigurationList = 52321FA32408A06C008E3030 /* Build configuration list for PBXNativeTarget "Gopnik's Adventure" */;
			buildPhases = (
				52321F8B2408A06B008E3030 /* Sources */,
				52321F8C2408A06B008E3030 /* Frameworks */,
				52321F8D2408A06B008E3030 /* Resources */,
			);
			buildRules = (
			);
			dependencies = (
			);
			name = "Gopnik's Adventure";
			productName = "Gopnik's Adventure";
			productReference = 52321F8F2408A06B008E3030 /* Gopnik's Adventure.app */;
			productType = "com.apple.product-type.application";
		};
/* End PBXNativeTarget section */

/* Begin PBXProject section */
		52321F872408A06A008E3030 /* Project object */ = {
			isa = PBXProject;
			attributes = {
				LastSwiftUpdateCheck = 1130;
				LastUpgradeCheck = 1130;
				ORGANIZATIONNAME = AlexTitovProductions;
				TargetAttributes = {
					52321F8E2408A06B008E3030 = {
						CreatedOnToolsVersion = 11.3.1;
					};
				};
			};
			buildConfigurationList = 52321F8A2408A06A008E3030 /* Build configuration list for PBXProject "Gopnik's Adventure" */;
			compatibilityVersion = "Xcode 9.3";
			developmentRegion = en;
			hasScannedForEncodings = 0;
			knownRegions = (
				en,
				Base,
			);
			mainGroup = 52321F862408A06A008E3030;
			productRefGroup = 52321F902408A06B008E3030 /* Products */;
			projectDirPath = "";
			projectRoot = "";
			targets = (
				52321F8E2408A06B008E3030 /* Gopnik's Adventure */,
			);
		};
/* End PBXProject section */

/* Begin PBXResourcesBuildPhase section */
		52321F8D2408A06B008E3030 /* Resources */ = {
			isa = PBXResourcesBuildPhase;
			buildActionMask = 2147483647;
			files = (
				52321F9F2408A06C008E3030 /* LaunchScreen.storyboard in Resources */,
				52321F9C2408A06C008E3030 /* Assets.xcassets in Resources */,
				52321F9A2408A06B008E3030 /* LevelOne.storyboard in Resources */,
				5259ED192428423900753354 /* MainMenu.storyboard in Resources */,
			);
			runOnlyForDeploymentPostprocessing = 0;
		};
/* End PBXResourcesBuildPhase section */

/* Begin PBXSourcesBuildPhase section */
		52321F8B2408A06B008E3030 /* Sources */ = {
			isa = PBXSourcesBuildPhase;
			buildActionMask = 2147483647;
			files = (
				52321F972408A06B008E3030 /* LevelOneController.swift in Sources */,
				5259ED172428422400753354 /* MainMenuController.swift in Sources */,
				52321F932408A06B008E3030 /* AppDelegate.swift in Sources */,
				52321F952408A06B008E3030 /* SceneDelegate.swift in Sources */,
			);
			runOnlyForDeploymentPostprocessing = 0;
		};
/* End PBXSourcesBuildPhase section */

/* Begin PBXVariantGroup section */
		52321F982408A06B008E3030 /* LevelOne.storyboard */ = {
			isa = PBXVariantGroup;
			children = (
				52321F992408A06B008E3030 /* Base */,
			);
			name = LevelOne.storyboard;
			sourceTree = "<group>";
		};
		52321F9D2408A06C008E3030 /* LaunchScreen.storyboard */ = {
			isa = PBXVariantGroup;
			children = (
				52321F9E2408A06C008E3030 /* Base */,
			);
			name = LaunchScreen.storyboard;
			sourceTree = "<group>";
		};
/* End PBXVariantGroup section */

/* Begin XCBuildConfiguration section */
		52321FA12408A06C008E3030 /* Debug */ = {
			isa = XCBuildConfiguration;
			buildSettings = {
				ALWAYS_SEARCH_USER_PATHS = NO;
				CLANG_ANALYZER_NONNULL = YES;
				CLANG_ANALYZER_NUMBER_OBJECT_CONVERSION = YES_AGGRESSIVE;
				CLANG_CXX_LANGUAGE_STANDARD = "gnu++14";
				CLANG_CXX_LIBRARY = "libc++";
				CLANG_ENABLE_MODULES = YES;
				CLANG_ENABLE_OBJC_ARC = YES;
				CLANG_ENABLE_OBJC_WEAK = YES;
				CLANG_WARN_BLOCK_CAPTURE_AUTORELEASING = YES;
				CLANG_WARN_BOOL_CONVERSION = YES;
				CLANG_WARN_COMMA = YES;
				CLANG_WARN_CONSTANT_CONVERSION = YES;
				CLANG_WARN_DEPRECATED_OBJC_IMPLEMENTATIONS = YES;
				CLANG_WARN_DIRECT_OBJC_ISA_USAGE = YES_ERROR;
				CLANG_WARN_DOCUMENTATION_COMMENTS = YES;
				CLANG_WARN_EMPTY_BODY = YES;
				CLANG_WARN_ENUM_CONVERSION = YES;
				CLANG_WARN_INFINITE_RECURSION = YES;
				CLANG_WARN_INT_CONVERSION = YES;
				CLANG_WARN_NON_LITERAL_NULL_CONVERSION = YES;
				CLANG_WARN_OBJC_IMPLICIT_RETAIN_SELF = YES;
				CLANG_WARN_OBJC_LITERAL_CONVERSION = YES;
				CLANG_WARN_OBJC_ROOT_CLASS = YES_ERROR;
				CLANG_WARN_RANGE_LOOP_ANALYSIS = YES;
				CLANG_WARN_STRICT_PROTOTYPES = YES;
				CLANG_WARN_SUSPICIOUS_MOVE = YES;
				CLANG_WARN_UNGUARDED_AVAILABILITY = YES_AGGRESSIVE;
				CLANG_WARN_UNREACHABLE_CODE = YES;
				CLANG_WARN__DUPLICATE_METHOD_MATCH = YES;
				COPY_PHASE_STRIP = NO;
				DEBUG_INFORMATION_FORMAT = dwarf;
				ENABLE_STRICT_OBJC_MSGSEND = YES;
				ENABLE_TESTABILITY = YES;
				GCC_C_LANGUAGE_STANDARD = gnu11;
				GCC_DYNAMIC_NO_PIC = NO;
				GCC_NO_COMMON_BLOCKS = YES;
				GCC_OPTIMIZATION_LEVEL = 0;
				GCC_PREPROCESSOR_DEFINITIONS = (
					"DEBUG=1",
					"$(inherited)",
				);
				GCC_WARN_64_TO_32_BIT_CONVERSION = YES;
				GCC_WARN_ABOUT_RETURN_TYPE = YES_ERROR;
				GCC_WARN_UNDECLARED_SELECTOR = YES;
				GCC_WARN_UNINITIALIZED_AUTOS = YES_AGGRESSIVE;
				GCC_WARN_UNUSED_FUNCTION = YES;
				GCC_WARN_UNUSED_VARIABLE = YES;
				IPHONEOS_DEPLOYMENT_TARGET = 13.2;
				MTL_ENABLE_DEBUG_INFO = INCLUDE_SOURCE;
				MTL_FAST_MATH = YES;
				ONLY_ACTIVE_ARCH = YES;
				SDKROOT = iphoneos;
				SWIFT_ACTIVE_COMPILATION_CONDITIONS = DEBUG;
				SWIFT_OPTIMIZATION_LEVEL = "-Onone";
			};
			name = Debug;
		};
		52321FA22408A06C008E3030 /* Release */ = {
			isa = XCBuildConfiguration;
			buildSettings = {
				ALWAYS_SEARCH_USER_PATHS = NO;
				CLANG_ANALYZER_NONNULL = YES;
				CLANG_ANALYZER_NUMBER_OBJECT_CONVERSION = YES_AGGRESSIVE;
				CLANG_CXX_LANGUAGE_STANDARD = "gnu++14";
				CLANG_CXX_LIBRARY = "libc++";
				CLANG_ENABLE_MODULES = YES;
				CLANG_ENABLE_OBJC_ARC = YES;
				CLANG_ENABLE_OBJC_WEAK = YES;
				CLANG_WARN_BLOCK_CAPTURE_AUTORELEASING = YES;
				CLANG_WARN_BOOL_CONVERSION = YES;
				CLANG_WARN_COMMA = YES;
				CLANG_WARN_CONSTANT_CONVERSION = YES;
				CLANG_WARN_DEPRECATED_OBJC_IMPLEMENTATIONS = YES;
				CLANG_WARN_DIRECT_OBJC_ISA_USAGE = YES_ERROR;
				CLANG_WARN_DOCUMENTATION_COMMENTS = YES;
				CLANG_WARN_EMPTY_BODY = YES;
				CLANG_WARN_ENUM_CONVERSION = YES;
				CLANG_WARN_INFINITE_RECURSION = YES;
				CLANG_WARN_INT_CONVERSION = YES;
				CLANG_WARN_NON_LITERAL_NULL_CONVERSION = YES;
				CLANG_WARN_OBJC_IMPLICIT_RETAIN_SELF = YES;
				CLANG_WARN_OBJC_LITERAL_CONVERSION = YES;
				CLANG_WARN_OBJC_ROOT_CLASS = YES_ERROR;
				CLANG_WARN_RANGE_LOOP_ANALYSIS = YES;
				CLANG_WARN_STRICT_PROTOTYPES = YES;
				CLANG_WARN_SUSPICIOUS_MOVE = YES;
				CLANG_WARN_UNGUARDED_AVAILABILITY = YES_AGGRESSIVE;
				CLANG_WARN_UNREACHABLE_CODE = YES;
				CLANG_WARN__DUPLICATE_METHOD_MATCH = YES;
				COPY_PHASE_STRIP = NO;
				DEBUG_INFORMATION_FORMAT = "dwarf-with-dsym";
				ENABLE_NS_ASSERTIONS = NO;
				ENABLE_STRICT_OBJC_MSGSEND = YES;
				GCC_C_LANGUAGE_STANDARD = gnu11;
				GCC_NO_COMMON_BLOCKS = YES;
				GCC_WARN_64_TO_32_BIT_CONVERSION = YES;
				GCC_WARN_ABOUT_RETURN_TYPE = YES_ERROR;
				GCC_WARN_UNDECLARED_SELECTOR = YES;
				GCC_WARN_UNINITIALIZED_AUTOS = YES_AGGRESSIVE;
				GCC_WARN_UNUSED_FUNCTION = YES;
				GCC_WARN_UNUSED_VARIABLE = YES;
				IPHONEOS_DEPLOYMENT_TARGET = 13.2;
				MTL_ENABLE_DEBUG_INFO = NO;
				MTL_FAST_MATH = YES;
				SDKROOT = iphoneos;
				SWIFT_COMPILATION_MODE = wholemodule;
				SWIFT_OPTIMIZATION_LEVEL = "-O";
				VALIDATE_PRODUCT = YES;
			};
			name = Release;
		};
		52321FA42408A06C008E3030 /* Debug */ = {
			isa = XCBuildConfiguration;
			buildSettings = {
				ASSETCATALOG_COMPILER_APPICON_NAME = AppIcon;
				CODE_SIGN_STYLE = Automatic;
				DEVELOPMENT_TEAM = U4W8K74MFC;
				INFOPLIST_FILE = "Gopnik's Adventure/Info.plist";
				LD_RUNPATH_SEARCH_PATHS = (
					"$(inherited)",
					"@executable_path/Frameworks",
				);
				PRODUCT_BUNDLE_IDENTIFIER = "ATP.Gopnik-s-Adventure";
				PRODUCT_NAME = "$(TARGET_NAME)";
				SWIFT_VERSION = 5.0;
				TARGETED_DEVICE_FAMILY = "1,2";
			};
			name = Debug;
		};
		52321FA52408A06C008E3030 /* Release */ = {
			isa = XCBuildConfiguration;
			buildSettings = {
				ASSETCATALOG_COMPILER_APPICON_NAME = AppIcon;
				CODE_SIGN_STYLE = Automatic;
				DEVELOPMENT_TEAM = U4W8K74MFC;
				INFOPLIST_FILE = "Gopnik's Adventure/Info.plist";
				LD_RUNPATH_SEARCH_PATHS = (
					"$(inherited)",
					"@executable_path/Frameworks",
				);
				PRODUCT_BUNDLE_IDENTIFIER = "ATP.Gopnik-s-Adventure";
				PRODUCT_NAME = "$(TARGET_NAME)";
				SWIFT_VERSION = 5.0;
				TARGETED_DEVICE_FAMILY = "1,2";
			};
			name = Release;
		};
/* End XCBuildConfiguration section */

/* Begin XCConfigurationList section */
		52321F8A2408A06A008E3030 /* Build configuration list for PBXProject "Gopnik's Adventure" */ = {
			isa = XCConfigurationList;
			buildConfigurations = (
				52321FA12408A06C008E3030 /* Debug */,
				52321FA22408A06C008E3030 /* Release */,
			);
			defaultConfigurationIsVisible = 0;
			defaultConfigurationName = Release;
		};
		52321FA32408A06C008E3030 /* Build configuration list for PBXNativeTarget "Gopnik's Adventure" */ = {
			isa = XCConfigurationList;
			buildConfigurations = (
				52321FA42408A06C008E3030 /* Debug */,
				52321FA52408A06C008E3030 /* Release */,
			);
			defaultConfigurationIsVisible = 0;
			defaultConfigurationName = Release;
		};
/* End XCConfigurationList section */
	};
	rootObject = 52321F872408A06A008E3030 /* Project object */;
}
